// !$*UTF8*$!
{
	archiveVersion = 1;
	classes = {
	};
	objectVersion = 48;
	objects = {

/* Begin PBXBuildFile section */
		84E303FD2042D2FD00A2AB95 /* AppDelegate.swift in Sources */ = {isa = PBXBuildFile; fileRef = 84E303FC2042D2FD00A2AB95 /* AppDelegate.swift */; };
		84E303FF2042D2FD00A2AB95 /* ViewController.swift in Sources */ = {isa = PBXBuildFile; fileRef = 84E303FE2042D2FD00A2AB95 /* ViewController.swift */; };
		84E304022042D2FD00A2AB95 /* Main.storyboard in Resources */ = {isa = PBXBuildFile; fileRef = 84E304002042D2FD00A2AB95 /* Main.storyboard */; };
		84E304042042D2FD00A2AB95 /* Assets.xcassets in Resources */ = {isa = PBXBuildFile; fileRef = 84E304032042D2FD00A2AB95 /* Assets.xcassets */; };
		84E304072042D2FD00A2AB95 /* LaunchScreen.storyboard in Resources */ = {isa = PBXBuildFile; fileRef = 84E304052042D2FD00A2AB95 /* LaunchScreen.storyboard */; };
		84E304122042D2FD00A2AB95 /* MVCsampleCodeTests.swift in Sources */ = {isa = PBXBuildFile; fileRef = 84E304112042D2FD00A2AB95 /* MVCsampleCodeTests.swift */; };
		84E3041D2042D2FD00A2AB95 /* MVCsampleCodeUITests.swift in Sources */ = {isa = PBXBuildFile; fileRef = 84E3041C2042D2FD00A2AB95 /* MVCsampleCodeUITests.swift */; };
		84E3042F2042D38D00A2AB95 /* NSObjectExtension.swift in Sources */ = {isa = PBXBuildFile; fileRef = 84E3042E2042D38D00A2AB95 /* NSObjectExtension.swift */; };
		84E304312042D3AB00A2AB95 /* UITableViewCellExtension.swift in Sources */ = {isa = PBXBuildFile; fileRef = 84E304302042D3AB00A2AB95 /* UITableViewCellExtension.swift */; };
		84E304332042D3C800A2AB95 /* ViewControllerExtension.swift in Sources */ = {isa = PBXBuildFile; fileRef = 84E304322042D3C800A2AB95 /* ViewControllerExtension.swift */; };
		84E304362042D42100A2AB95 /* TextViewTableViewCell.swift in Sources */ = {isa = PBXBuildFile; fileRef = 84E304342042D42100A2AB95 /* TextViewTableViewCell.swift */; };
		84E304372042D42100A2AB95 /* TextViewTableViewCell.xib in Resources */ = {isa = PBXBuildFile; fileRef = 84E304352042D42100A2AB95 /* TextViewTableViewCell.xib */; };
		84E304392042D46300A2AB95 /* ViewControllerView.swift in Sources */ = {isa = PBXBuildFile; fileRef = 84E304382042D46300A2AB95 /* ViewControllerView.swift */; };
		84E3043B2042D47500A2AB95 /* ViewControllerModel.swift in Sources */ = {isa = PBXBuildFile; fileRef = 84E3043A2042D47500A2AB95 /* ViewControllerModel.swift */; };
/* End PBXBuildFile section */

/* Begin PBXContainerItemProxy section */
		84E3040E2042D2FD00A2AB95 /* PBXContainerItemProxy */ = {
			isa = PBXContainerItemProxy;
			containerPortal = 84E303F12042D2FD00A2AB95 /* Project object */;
			proxyType = 1;
			remoteGlobalIDString = 84E303F82042D2FD00A2AB95;
			remoteInfo = MVCsampleCode;
		};
		84E304192042D2FD00A2AB95 /* PBXContainerItemProxy */ = {
			isa = PBXContainerItemProxy;
			containerPortal = 84E303F12042D2FD00A2AB95 /* Project object */;
			proxyType = 1;
			remoteGlobalIDString = 84E303F82042D2FD00A2AB95;
			remoteInfo = MVCsampleCode;
		};
/* End PBXContainerItemProxy section */

/* Begin PBXFileReference section */
		84E303F92042D2FD00A2AB95 /* MVCsampleCode.app */ = {isa = PBXFileReference; explicitFileType = wrapper.application; includeInIndex = 0; path = MVCsampleCode.app; sourceTree = BUILT_PRODUCTS_DIR; };
		84E303FC2042D2FD00A2AB95 /* AppDelegate.swift */ = {isa = PBXFileReference; lastKnownFileType = sourcecode.swift; path = AppDelegate.swift; sourceTree = "<group>"; };
		84E303FE2042D2FD00A2AB95 /* ViewController.swift */ = {isa = PBXFileReference; lastKnownFileType = sourcecode.swift; path = ViewController.swift; sourceTree = "<group>"; };
		84E304012042D2FD00A2AB95 /* Base */ = {isa = PBXFileReference; lastKnownFileType = file.storyboard; name = Base; path = Base.lproj/Main.storyboard; sourceTree = "<group>"; };
		84E304032042D2FD00A2AB95 /* Assets.xcassets */ = {isa = PBXFileReference; lastKnownFileType = folder.assetcatalog; path = Assets.xcassets; sourceTree = "<group>"; };
		84E304062042D2FD00A2AB95 /* Base */ = {isa = PBXFileReference; lastKnownFileType = file.storyboard; name = Base; path = Base.lproj/LaunchScreen.storyboard; sourceTree = "<group>"; };
		84E304082042D2FD00A2AB95 /* Info.plist */ = {isa = PBXFileReference; lastKnownFileType = text.plist.xml; path = Info.plist; sourceTree = "<group>"; };
		84E3040D2042D2FD00A2AB95 /* MVCsampleCodeTests.xctest */ = {isa = PBXFileReference; explicitFileType = wrapper.cfbundle; includeInIndex = 0; path = MVCsampleCodeTests.xctest; sourceTree = BUILT_PRODUCTS_DIR; };
		84E304112042D2FD00A2AB95 /* MVCsampleCodeTests.swift */ = {isa = PBXFileReference; lastKnownFileType = sourcecode.swift; path = MVCsampleCodeTests.swift; sourceTree = "<group>"; };
		84E304132042D2FD00A2AB95 /* Info.plist */ = {isa = PBXFileReference; lastKnownFileType = text.plist.xml; path = Info.plist; sourceTree = "<group>"; };
		84E304182042D2FD00A2AB95 /* MVCsampleCodeUITests.xctest */ = {isa = PBXFileReference; explicitFileType = wrapper.cfbundle; includeInIndex = 0; path = MVCsampleCodeUITests.xctest; sourceTree = BUILT_PRODUCTS_DIR; };
		84E3041C2042D2FD00A2AB95 /* MVCsampleCodeUITests.swift */ = {isa = PBXFileReference; lastKnownFileType = sourcecode.swift; path = MVCsampleCodeUITests.swift; sourceTree = "<group>"; };
		84E3041E2042D2FD00A2AB95 /* Info.plist */ = {isa = PBXFileReference; lastKnownFileType = text.plist.xml; path = Info.plist; sourceTree = "<group>"; };
		84E3042E2042D38D00A2AB95 /* NSObjectExtension.swift */ = {isa = PBXFileReference; lastKnownFileType = sourcecode.swift; path = NSObjectExtension.swift; sourceTree = "<group>"; };
		84E304302042D3AB00A2AB95 /* UITableViewCellExtension.swift */ = {isa = PBXFileReference; lastKnownFileType = sourcecode.swift; path = UITableViewCellExtension.swift; sourceTree = "<group>"; };
		84E304322042D3C800A2AB95 /* ViewControllerExtension.swift */ = {isa = PBXFileReference; lastKnownFileType = sourcecode.swift; path = ViewControllerExtension.swift; sourceTree = "<group>"; };
		84E304342042D42100A2AB95 /* TextViewTableViewCell.swift */ = {isa = PBXFileReference; lastKnownFileType = sourcecode.swift; path = TextViewTableViewCell.swift; sourceTree = "<group>"; };
		84E304352042D42100A2AB95 /* TextViewTableViewCell.xib */ = {isa = PBXFileReference; lastKnownFileType = file.xib; path = TextViewTableViewCell.xib; sourceTree = "<group>"; };
		84E304382042D46300A2AB95 /* ViewControllerView.swift */ = {isa = PBXFileReference; lastKnownFileType = sourcecode.swift; path = ViewControllerView.swift; sourceTree = "<group>"; };
		84E3043A2042D47500A2AB95 /* ViewControllerModel.swift */ = {isa = PBXFileReference; lastKnownFileType = sourcecode.swift; path = ViewControllerModel.swift; sourceTree = "<group>"; };
/* End PBXFileReference section */

/* Begin PBXFrameworksBuildPhase section */
		84E303F62042D2FD00A2AB95 /* Frameworks */ = {
			isa = PBXFrameworksBuildPhase;
			buildActionMask = 2147483647;
			files = (
			);
			runOnlyForDeploymentPostprocessing = 0;
		};
		84E3040A2042D2FD00A2AB95 /* Frameworks */ = {
			isa = PBXFrameworksBuildPhase;
			buildActionMask = 2147483647;
			files = (
			);
			runOnlyForDeploymentPostprocessing = 0;
		};
		84E304152042D2FD00A2AB95 /* Frameworks */ = {
			isa = PBXFrameworksBuildPhase;
			buildActionMask = 2147483647;
			files = (
			);
			runOnlyForDeploymentPostprocessing = 0;
		};
/* End PBXFrameworksBuildPhase section */

/* Begin PBXGroup section */
		84E303F02042D2FD00A2AB95 = {
			isa = PBXGroup;
			children = (
				84E303FB2042D2FD00A2AB95 /* MVCsampleCode */,
				84E304102042D2FD00A2AB95 /* MVCsampleCodeTests */,
				84E3041B2042D2FD00A2AB95 /* MVCsampleCodeUITests */,
				84E303FA2042D2FD00A2AB95 /* Products */,
			);
			sourceTree = "<group>";
		};
		84E303FA2042D2FD00A2AB95 /* Products */ = {
			isa = PBXGroup;
			children = (
				84E303F92042D2FD00A2AB95 /* MVCsampleCode.app */,
				84E3040D2042D2FD00A2AB95 /* MVCsampleCodeTests.xctest */,
				84E304182042D2FD00A2AB95 /* MVCsampleCodeUITests.xctest */,
			);
			name = Products;
			sourceTree = "<group>";
		};
		84E303FB2042D2FD00A2AB95 /* MVCsampleCode */ = {
			isa = PBXGroup;
			children = (
				84E303FC2042D2FD00A2AB95 /* AppDelegate.swift */,
				84E3042A2042D30D00A2AB95 /* BasesetGroup */,
				84E3042D2042D31B00A2AB95 /* Extension */,
				84E3042C2042D31800A2AB95 /* parts */,
				84E304032042D2FD00A2AB95 /* Assets.xcassets */,
				84E304052042D2FD00A2AB95 /* LaunchScreen.storyboard */,
				84E304082042D2FD00A2AB95 /* Info.plist */,
			);
			path = MVCsampleCode;
			sourceTree = "<group>";
		};
		84E304102042D2FD00A2AB95 /* MVCsampleCodeTests */ = {
			isa = PBXGroup;
			children = (
				84E304112042D2FD00A2AB95 /* MVCsampleCodeTests.swift */,
				84E304132042D2FD00A2AB95 /* Info.plist */,
			);
			path = MVCsampleCodeTests;
			sourceTree = "<group>";
		};
		84E3041B2042D2FD00A2AB95 /* MVCsampleCodeUITests */ = {
			isa = PBXGroup;
			children = (
				84E3041C2042D2FD00A2AB95 /* MVCsampleCodeUITests.swift */,
				84E3041E2042D2FD00A2AB95 /* Info.plist */,
			);
			path = MVCsampleCodeUITests;
			sourceTree = "<group>";
		};
		84E3042A2042D30D00A2AB95 /* BasesetGroup */ = {
			isa = PBXGroup;
			children = (
				84E304382042D46300A2AB95 /* ViewControllerView.swift */,
				84E303FE2042D2FD00A2AB95 /* ViewController.swift */,
				84E3043A2042D47500A2AB95 /* ViewControllerModel.swift */,
				84E304002042D2FD00A2AB95 /* Main.storyboard */,
			);
			path = BasesetGroup;
			sourceTree = "<group>";
		};
		84E3042C2042D31800A2AB95 /* parts */ = {
			isa = PBXGroup;
			children = (
				84E304342042D42100A2AB95 /* TextViewTableViewCell.swift */,
				84E304352042D42100A2AB95 /* TextViewTableViewCell.xib */,
			);
			path = parts;
			sourceTree = "<group>";
		};
		84E3042D2042D31B00A2AB95 /* Extension */ = {
			isa = PBXGroup;
			children = (
				84E3042E2042D38D00A2AB95 /* NSObjectExtension.swift */,
				84E304302042D3AB00A2AB95 /* UITableViewCellExtension.swift */,
				84E304322042D3C800A2AB95 /* ViewControllerExtension.swift */,
			);
			path = Extension;
			sourceTree = "<group>";
		};
/* End PBXGroup section */

/* Begin PBXNativeTarget section */
		84E303F82042D2FD00A2AB95 /* MVCsampleCode */ = {
			isa = PBXNativeTarget;
			buildConfigurationList = 84E304212042D2FD00A2AB95 /* Build configuration list for PBXNativeTarget "MVCsampleCode" */;
			buildPhases = (
				84E303F52042D2FD00A2AB95 /* Sources */,
				84E303F62042D2FD00A2AB95 /* Frameworks */,
				84E303F72042D2FD00A2AB95 /* Resources */,
			);
			buildRules = (
			);
			dependencies = (
			);
			name = MVCsampleCode;
			productName = MVCsampleCode;
			productReference = 84E303F92042D2FD00A2AB95 /* MVCsampleCode.app */;
			productType = "com.apple.product-type.application";
		};
		84E3040C2042D2FD00A2AB95 /* MVCsampleCodeTests */ = {
			isa = PBXNativeTarget;
			buildConfigurationList = 84E304242042D2FD00A2AB95 /* Build configuration list for PBXNativeTarget "MVCsampleCodeTests" */;
			buildPhases = (
				84E304092042D2FD00A2AB95 /* Sources */,
				84E3040A2042D2FD00A2AB95 /* Frameworks */,
				84E3040B2042D2FD00A2AB95 /* Resources */,
			);
			buildRules = (
			);
			dependencies = (
				84E3040F2042D2FD00A2AB95 /* PBXTargetDependency */,
			);
			name = MVCsampleCodeTests;
			productName = MVCsampleCodeTests;
			productReference = 84E3040D2042D2FD00A2AB95 /* MVCsampleCodeTests.xctest */;
			productType = "com.apple.product-type.bundle.unit-test";
		};
		84E304172042D2FD00A2AB95 /* MVCsampleCodeUITests */ = {
			isa = PBXNativeTarget;
			buildConfigurationList = 84E304272042D2FD00A2AB95 /* Build configuration list for PBXNativeTarget "MVCsampleCodeUITests" */;
			buildPhases = (
				84E304142042D2FD00A2AB95 /* Sources */,
				84E304152042D2FD00A2AB95 /* Frameworks */,
				84E304162042D2FD00A2AB95 /* Resources */,
			);
			buildRules = (
			);
			dependencies = (
				84E3041A2042D2FD00A2AB95 /* PBXTargetDependency */,
			);
			name = MVCsampleCodeUITests;
			productName = MVCsampleCodeUITests;
			productReference = 84E304182042D2FD00A2AB95 /* MVCsampleCodeUITests.xctest */;
			productType = "com.apple.product-type.bundle.ui-testing";
		};
/* End PBXNativeTarget section */

/* Begin PBXProject section */
		84E303F12042D2FD00A2AB95 /* Project object */ = {
			isa = PBXProject;
			attributes = {
				LastSwiftUpdateCheck = 0920;
				LastUpgradeCheck = 0920;
				ORGANIZATIONNAME = sachiko;
				TargetAttributes = {
					84E303F82042D2FD00A2AB95 = {
						CreatedOnToolsVersion = 9.2;
						ProvisioningStyle = Automatic;
					};
					84E3040C2042D2FD00A2AB95 = {
						CreatedOnToolsVersion = 9.2;
						ProvisioningStyle = Automatic;
						TestTargetID = 84E303F82042D2FD00A2AB95;
					};
					84E304172042D2FD00A2AB95 = {
						CreatedOnToolsVersion = 9.2;
						ProvisioningStyle = Automatic;
						TestTargetID = 84E303F82042D2FD00A2AB95;
					};
				};
			};
			buildConfigurationList = 84E303F42042D2FD00A2AB95 /* Build configuration list for PBXProject "MVCsampleCode" */;
			compatibilityVersion = "Xcode 8.0";
			developmentRegion = en;
			hasScannedForEncodings = 0;
			knownRegions = (
				en,
				Base,
			);
			mainGroup = 84E303F02042D2FD00A2AB95;
			productRefGroup = 84E303FA2042D2FD00A2AB95 /* Products */;
			projectDirPath = "";
			projectRoot = "";
			targets = (
				84E303F82042D2FD00A2AB95 /* MVCsampleCode */,
				84E3040C2042D2FD00A2AB95 /* MVCsampleCodeTests */,
				84E304172042D2FD00A2AB95 /* MVCsampleCodeUITests */,
			);
		};
/* End PBXProject section */

/* Begin PBXResourcesBuildPhase section */
		84E303F72042D2FD00A2AB95 /* Resources */ = {
			isa = PBXResourcesBuildPhase;
			buildActionMask = 2147483647;
			files = (
				84E304072042D2FD00A2AB95 /* LaunchScreen.storyboard in Resources */,
				84E304372042D42100A2AB95 /* TextViewTableViewCell.xib in Resources */,
				84E304042042D2FD00A2AB95 /* Assets.xcassets in Resources */,
				84E304022042D2FD00A2AB95 /* Main.storyboard in Resources */,
			);
			runOnlyForDeploymentPostprocessing = 0;
		};
		84E3040B2042D2FD00A2AB95 /* Resources */ = {
			isa = PBXResourcesBuildPhase;
			buildActionMask = 2147483647;
			files = (
			);
			runOnlyForDeploymentPostprocessing = 0;
		};
		84E304162042D2FD00A2AB95 /* Resources */ = {
			isa = PBXResourcesBuildPhase;
			buildActionMask = 2147483647;
			files = (
			);
			runOnlyForDeploymentPostprocessing = 0;
		};
/* End PBXResourcesBuildPhase section */

/* Begin PBXSourcesBuildPhase section */
		84E303F52042D2FD00A2AB95 /* Sources */ = {
			isa = PBXSourcesBuildPhase;
			buildActionMask = 2147483647;
			files = (
				84E303FF2042D2FD00A2AB95 /* ViewController.swift in Sources */,
				84E304392042D46300A2AB95 /* ViewControllerView.swift in Sources */,
				84E3042F2042D38D00A2AB95 /* NSObjectExtension.swift in Sources */,
				84E303FD2042D2FD00A2AB95 /* AppDelegate.swift in Sources */,
				84E3043B2042D47500A2AB95 /* ViewControllerModel.swift in Sources */,
				84E304332042D3C800A2AB95 /* ViewControllerExtension.swift in Sources */,
				84E304312042D3AB00A2AB95 /* UITableViewCellExtension.swift in Sources */,
				84E304362042D42100A2AB95 /* TextViewTableViewCell.swift in Sources */,
			);
			runOnlyForDeploymentPostprocessing = 0;
		};
		84E304092042D2FD00A2AB95 /* Sources */ = {
			isa = PBXSourcesBuildPhase;
			buildActionMask = 2147483647;
			files = (
				84E304122042D2FD00A2AB95 /* MVCsampleCodeTests.swift in Sources */,
			);
			runOnlyForDeploymentPostprocessing = 0;
		};
		84E304142042D2FD00A2AB95 /* Sources */ = {
			isa = PBXSourcesBuildPhase;
			buildActionMask = 2147483647;
			files = (
				84E3041D2042D2FD00A2AB95 /* MVCsampleCodeUITests.swift in Sources */,
			);
			runOnlyForDeploymentPostprocessing = 0;
		};
/* End PBXSourcesBuildPhase section */

/* Begin PBXTargetDependency section */
		84E3040F2042D2FD00A2AB95 /* PBXTargetDependency */ = {
			isa = PBXTargetDependency;
			target = 84E303F82042D2FD00A2AB95 /* MVCsampleCode */;
			targetProxy = 84E3040E2042D2FD00A2AB95 /* PBXContainerItemProxy */;
		};
		84E3041A2042D2FD00A2AB95 /* PBXTargetDependency */ = {
			isa = PBXTargetDependency;
			target = 84E303F82042D2FD00A2AB95 /* MVCsampleCode */;
			targetProxy = 84E304192042D2FD00A2AB95 /* PBXContainerItemProxy */;
		};
/* End PBXTargetDependency section */

/* Begin PBXVariantGroup section */
		84E304002042D2FD00A2AB95 /* Main.storyboard */ = {
			isa = PBXVariantGroup;
			children = (
				84E304012042D2FD00A2AB95 /* Base */,
			);
			name = Main.storyboard;
			sourceTree = "<group>";
		};
		84E304052042D2FD00A2AB95 /* LaunchScreen.storyboard */ = {
			isa = PBXVariantGroup;
			children = (
				84E304062042D2FD00A2AB95 /* Base */,
			);
			name = LaunchScreen.storyboard;
			sourceTree = "<group>";
		};
/* End PBXVariantGroup section */

/* Begin XCBuildConfiguration section */
		84E3041F2042D2FD00A2AB95 /* Debug */ = {
			isa = XCBuildConfiguration;
			buildSettings = {
				ALWAYS_SEARCH_USER_PATHS = NO;
				CLANG_ANALYZER_NONNULL = YES;
				CLANG_ANALYZER_NUMBER_OBJECT_CONVERSION = YES_AGGRESSIVE;
				CLANG_CXX_LANGUAGE_STANDARD = "gnu++14";
				CLANG_CXX_LIBRARY = "libc++";
				CLANG_ENABLE_MODULES = YES;
				CLANG_ENABLE_OBJC_ARC = YES;
				CLANG_WARN_BLOCK_CAPTURE_AUTORELEASING = YES;
				CLANG_WARN_BOOL_CONVERSION = YES;
				CLANG_WARN_COMMA = YES;
				CLANG_WARN_CONSTANT_CONVERSION = YES;
				CLANG_WARN_DIRECT_OBJC_ISA_USAGE = YES_ERROR;
				CLANG_WARN_DOCUMENTATION_COMMENTS = YES;
				CLANG_WARN_EMPTY_BODY = YES;
				CLANG_WARN_ENUM_CONVERSION = YES;
				CLANG_WARN_INFINITE_RECURSION = YES;
				CLANG_WARN_INT_CONVERSION = YES;
				CLANG_WARN_NON_LITERAL_NULL_CONVERSION = YES;
				CLANG_WARN_OBJC_LITERAL_CONVERSION = YES;
				CLANG_WARN_OBJC_ROOT_CLASS = YES_ERROR;
				CLANG_WARN_RANGE_LOOP_ANALYSIS = YES;
				CLANG_WARN_STRICT_PROTOTYPES = YES;
				CLANG_WARN_SUSPICIOUS_MOVE = YES;
				CLANG_WARN_UNGUARDED_AVAILABILITY = YES_AGGRESSIVE;
				CLANG_WARN_UNREACHABLE_CODE = YES;
				CLANG_WARN__DUPLICATE_METHOD_MATCH = YES;
				CODE_SIGN_IDENTITY = "iPhone Developer";
				COPY_PHASE_STRIP = NO;
				DEBUG_INFORMATION_FORMAT = dwarf;
				ENABLE_STRICT_OBJC_MSGSEND = YES;
				ENABLE_TESTABILITY = YES;
				GCC_C_LANGUAGE_STANDARD = gnu11;
				GCC_DYNAMIC_NO_PIC = NO;
				GCC_NO_COMMON_BLOCKS = YES;
				GCC_OPTIMIZATION_LEVEL = 0;
				GCC_PREPROCESSOR_DEFINITIONS = (
					"DEBUG=1",
					"$(inherited)",
				);
				GCC_WARN_64_TO_32_BIT_CONVERSION = YES;
				GCC_WARN_ABOUT_RETURN_TYPE = YES_ERROR;
				GCC_WARN_UNDECLARED_SELECTOR = YES;
				GCC_WARN_UNINITIALIZED_AUTOS = YES_AGGRESSIVE;
				GCC_WARN_UNUSED_FUNCTION = YES;
				GCC_WARN_UNUSED_VARIABLE = YES;
				IPHONEOS_DEPLOYMENT_TARGET = 11.2;
				MTL_ENABLE_DEBUG_INFO = YES;
				ONLY_ACTIVE_ARCH = YES;
				SDKROOT = iphoneos;
				SWIFT_ACTIVE_COMPILATION_CONDITIONS = DEBUG;
				SWIFT_OPTIMIZATION_LEVEL = "-Onone";
			};
			name = Debug;
		};
		84E304202042D2FD00A2AB95 /* Release */ = {
			isa = XCBuildConfiguration;
			buildSettings = {
				ALWAYS_SEARCH_USER_PATHS = NO;
				CLANG_ANALYZER_NONNULL = YES;
				CLANG_ANALYZER_NUMBER_OBJECT_CONVERSION = YES_AGGRESSIVE;
				CLANG_CXX_LANGUAGE_STANDARD = "gnu++14";
				CLANG_CXX_LIBRARY = "libc++";
				CLANG_ENABLE_MODULES = YES;
				CLANG_ENABLE_OBJC_ARC = YES;
				CLANG_WARN_BLOCK_CAPTURE_AUTORELEASING = YES;
				CLANG_WARN_BOOL_CONVERSION = YES;
				CLANG_WARN_COMMA = YES;
				CLANG_WARN_CONSTANT_CONVERSION = YES;
				CLANG_WARN_DIRECT_OBJC_ISA_USAGE = YES_ERROR;
				CLANG_WARN_DOCUMENTATION_COMMENTS = YES;
				CLANG_WARN_EMPTY_BODY = YES;
				CLANG_WARN_ENUM_CONVERSION = YES;
				CLANG_WARN_INFINITE_RECURSION = YES;
				CLANG_WARN_INT_CONVERSION = YES;
				CLANG_WARN_NON_LITERAL_NULL_CONVERSION = YES;
				CLANG_WARN_OBJC_LITERAL_CONVERSION = YES;
				CLANG_WARN_OBJC_ROOT_CLASS = YES_ERROR;
				CLANG_WARN_RANGE_LOOP_ANALYSIS = YES;
				CLANG_WARN_STRICT_PROTOTYPES = YES;
				CLANG_WARN_SUSPICIOUS_MOVE = YES;
				CLANG_WARN_UNGUARDED_AVAILABILITY = YES_AGGRESSIVE;
				CLANG_WARN_UNREACHABLE_CODE = YES;
				CLANG_WARN__DUPLICATE_METHOD_MATCH = YES;
				CODE_SIGN_IDENTITY = "iPhone Developer";
				COPY_PHASE_STRIP = NO;
				DEBUG_INFORMATION_FORMAT = "dwarf-with-dsym";
				ENABLE_NS_ASSERTIONS = NO;
				ENABLE_STRICT_OBJC_MSGSEND = YES;
				GCC_C_LANGUAGE_STANDARD = gnu11;
				GCC_NO_COMMON_BLOCKS = YES;
				GCC_WARN_64_TO_32_BIT_CONVERSION = YES;
				GCC_WARN_ABOUT_RETURN_TYPE = YES_ERROR;
				GCC_WARN_UNDECLARED_SELECTOR = YES;
				GCC_WARN_UNINITIALIZED_AUTOS = YES_AGGRESSIVE;
				GCC_WARN_UNUSED_FUNCTION = YES;
				GCC_WARN_UNUSED_VARIABLE = YES;
				IPHONEOS_DEPLOYMENT_TARGET = 11.2;
				MTL_ENABLE_DEBUG_INFO = NO;
				SDKROOT = iphoneos;
				SWIFT_OPTIMIZATION_LEVEL = "-Owholemodule";
				VALIDATE_PRODUCT = YES;
			};
			name = Release;
		};
		84E304222042D2FD00A2AB95 /* Debug */ = {
			isa = XCBuildConfiguration;
			buildSettings = {
				ASSETCATALOG_COMPILER_APPICON_NAME = AppIcon;
				CODE_SIGN_STYLE = Automatic;
				DEVELOPMENT_TEAM = 5BS3A226T4;
				INFOPLIST_FILE = MVCsampleCode/Info.plist;
				LD_RUNPATH_SEARCH_PATHS = "$(inherited) @executable_path/Frameworks";
				PRODUCT_BUNDLE_IDENTIFIER = com.sachiko.MVCsampleCode;
				PRODUCT_NAME = "$(TARGET_NAME)";
				SWIFT_VERSION = 4.0;
				TARGETED_DEVICE_FAMILY = "1,2";
			};
			name = Debug;
		};
		84E304232042D2FD00A2AB95 /* Release */ = {
			isa = XCBuildConfiguration;
			buildSettings = {
				ASSETCATALOG_COMPILER_APPICON_NAME = AppIcon;
				CODE_SIGN_STYLE = Automatic;
				DEVELOPMENT_TEAM = 5BS3A226T4;
				INFOPLIST_FILE = MVCsampleCode/Info.plist;
				LD_RUNPATH_SEARCH_PATHS = "$(inherited) @executable_path/Frameworks";
				PRODUCT_BUNDLE_IDENTIFIER = com.sachiko.MVCsampleCode;
				PRODUCT_NAME = "$(TARGET_NAME)";
				SWIFT_VERSION = 4.0;
				TARGETED_DEVICE_FAMILY = "1,2";
			};
			name = Release;
		};
		84E304252042D2FD00A2AB95 /* Debug */ = {
			isa = XCBuildConfiguration;
			buildSettings = {
				ALWAYS_EMBED_SWIFT_STANDARD_LIBRARIES = YES;
				BUNDLE_LOADER = "$(TEST_HOST)";
				CODE_SIGN_STYLE = Automatic;
				DEVELOPMENT_TEAM = 5BS3A226T4;
				INFOPLIST_FILE = MVCsampleCodeTests/Info.plist;
				LD_RUNPATH_SEARCH_PATHS = "$(inherited) @executable_path/Frameworks @loader_path/Frameworks";
				PRODUCT_BUNDLE_IDENTIFIER = com.sachiko.MVCsampleCodeTests;
				PRODUCT_NAME = "$(TARGET_NAME)";
				SWIFT_VERSION = 4.0;
				TARGETED_DEVICE_FAMILY = "1,2";
				TEST_HOST = "$(BUILT_PRODUCTS_DIR)/MVCsampleCode.app/MVCsampleCode";
			};
			name = Debug;
		};
		84E304262042D2FD00A2AB95 /* Release */ = {
			isa = XCBuildConfiguration;
			buildSettings = {
				ALWAYS_EMBED_SWIFT_STANDARD_LIBRARIES = YES;
				BUNDLE_LOADER = "$(TEST_HOST)";
				CODE_SIGN_STYLE = Automatic;
				DEVELOPMENT_TEAM = 5BS3A226T4;
				INFOPLIST_FILE = MVCsampleCodeTests/Info.plist;
				LD_RUNPATH_SEARCH_PATHS = "$(inherited) @executable_path/Frameworks @loader_path/Frameworks";
				PRODUCT_BUNDLE_IDENTIFIER = com.sachiko.MVCsampleCodeTests;
				PRODUCT_NAME = "$(TARGET_NAME)";
				SWIFT_VERSION = 4.0;
				TARGETED_DEVICE_FAMILY = "1,2";
				TEST_HOST = "$(BUILT_PRODUCTS_DIR)/MVCsampleCode.app/MVCsampleCode";
			};
			name = Release;
		};
		84E304282042D2FD00A2AB95 /* Debug */ = {
			isa = XCBuildConfiguration;
			buildSettings = {
				ALWAYS_EMBED_SWIFT_STANDARD_LIBRARIES = YES;
				CODE_SIGN_STYLE = Automatic;
				DEVELOPMENT_TEAM = 5BS3A226T4;
				INFOPLIST_FILE = MVCsampleCodeUITests/Info.plist;
				LD_RUNPATH_SEARCH_PATHS = "$(inherited) @executable_path/Frameworks @loader_path/Frameworks";
				PRODUCT_BUNDLE_IDENTIFIER = com.sachiko.MVCsampleCodeUITests;
				PRODUCT_NAME = "$(TARGET_NAME)";
				SWIFT_VERSION = 4.0;
				TARGETED_DEVICE_FAMILY = "1,2";
				TEST_TARGET_NAME = MVCsampleCode;
			};
			name = Debug;
		};
		84E304292042D2FD00A2AB95 /* Release */ = {
			isa = XCBuildConfiguration;
			buildSettings = {
				ALWAYS_EMBED_SWIFT_STANDARD_LIBRARIES = YES;
				CODE_SIGN_STYLE = Automatic;
				DEVELOPMENT_TEAM = 5BS3A226T4;
				INFOPLIST_FILE = MVCsampleCodeUITests/Info.plist;
				LD_RUNPATH_SEARCH_PATHS = "$(inherited) @executable_path/Frameworks @loader_path/Frameworks";
				PRODUCT_BUNDLE_IDENTIFIER = com.sachiko.MVCsampleCodeUITests;
				PRODUCT_NAME = "$(TARGET_NAME)";
				SWIFT_VERSION = 4.0;
				TARGETED_DEVICE_FAMILY = "1,2";
				TEST_TARGET_NAME = MVCsampleCode;
			};
			name = Release;
		};
/* End XCBuildConfiguration section */

/* Begin XCConfigurationList section */
		84E303F42042D2FD00A2AB95 /* Build configuration list for PBXProject "MVCsampleCode" */ = {
			isa = XCConfigurationList;
			buildConfigurations = (
				84E3041F2042D2FD00A2AB95 /* Debug */,
				84E304202042D2FD00A2AB95 /* Release */,
			);
			defaultConfigurationIsVisible = 0;
			defaultConfigurationName = Release;
		};
		84E304212042D2FD00A2AB95 /* Build configuration list for PBXNativeTarget "MVCsampleCode" */ = {
			isa = XCConfigurationList;
			buildConfigurations = (
				84E304222042D2FD00A2AB95 /* Debug */,
				84E304232042D2FD00A2AB95 /* Release */,
			);
			defaultConfigurationIsVisible = 0;
			defaultConfigurationName = Release;
		};
		84E304242042D2FD00A2AB95 /* Build configuration list for PBXNativeTarget "MVCsampleCodeTests" */ = {
			isa = XCConfigurationList;
			buildConfigurations = (
				84E304252042D2FD00A2AB95 /* Debug */,
				84E304262042D2FD00A2AB95 /* Release */,
			);
			defaultConfigurationIsVisible = 0;
			defaultConfigurationName = Release;
		};
		84E304272042D2FD00A2AB95 /* Build configuration list for PBXNativeTarget "MVCsampleCodeUITests" */ = {
			isa = XCConfigurationList;
			buildConfigurations = (
				84E304282042D2FD00A2AB95 /* Debug */,
				84E304292042D2FD00A2AB95 /* Release */,
			);
			defaultConfigurationIsVisible = 0;
			defaultConfigurationName = Release;
		};
/* End XCConfigurationList section */
	};
	rootObject = 84E303F12042D2FD00A2AB95 /* Project object */;
}
